
Microsoft Visual Studio Solution File, Format Version 12.00
# Visual Studio Version 16
VisualStudioVersion = 16.0.30413.136
MinimumVisualStudioVersion = 10.0.40219.1
Project("{2150E333-8FDC-42A3-9474-1A3956D46DE8}") = "1-Services", "1-Services", "{85360C3A-6114-43AB-85C5-6ED8782888F0}"
EndProject
Project("{2150E333-8FDC-42A3-9474-1A3956D46DE8}") = "2-Domain", "2-Domain", "{6F900AA2-617E-45BC-9D60-2C7A5B59F053}"
EndProject
Project("{2150E333-8FDC-42A3-9474-1A3956D46DE8}") = "3-Data", "3-Data", "{917DB9E6-FD03-435F-BFB5-8BCEE242DD83}"
EndProject
Project("{FAE04EC0-301F-11D3-BF4B-00C04F79EFBC}") = "Api", "src\Api\Api.csproj", "{15C44FE7-C0EB-4B42-BA6E-6DF2DD66BE8B}"
EndProject
Project("{FAE04EC0-301F-11D3-BF4B-00C04F79EFBC}") = "Domain", "src\Domain\Domain.csproj", "{C23AFC01-E4A7-478F-A1F0-74508DE01D5F}"
EndProject
Project("{FAE04EC0-301F-11D3-BF4B-00C04F79EFBC}") = "Data", "src\Data\Data.csproj", "{197A9C33-2463-455B-A26C-55F6064A24A6}"
EndProject
Global
	GlobalSection(SolutionConfigurationPlatforms) = preSolution
		Debug|Any CPU = Debug|Any CPU
		Release|Any CPU = Release|Any CPU
	EndGlobalSection
	GlobalSection(ProjectConfigurationPlatforms) = postSolution
		{15C44FE7-C0EB-4B42-BA6E-6DF2DD66BE8B}.Debug|Any CPU.ActiveCfg = Debug|Any CPU
		{15C44FE7-C0EB-4B42-BA6E-6DF2DD66BE8B}.Debug|Any CPU.Build.0 = Debug|Any CPU
		{15C44FE7-C0EB-4B42-BA6E-6DF2DD66BE8B}.Release|Any CPU.ActiveCfg = Release|Any CPU
		{15C44FE7-C0EB-4B42-BA6E-6DF2DD66BE8B}.Release|Any CPU.Build.0 = Release|Any CPU
		{C23AFC01-E4A7-478F-A1F0-74508DE01D5F}.Debug|Any CPU.ActiveCfg = Debug|Any CPU
		{C23AFC01-E4A7-478F-A1F0-74508DE01D5F}.Debug|Any CPU.Build.0 = Debug|Any CPU
		{C23AFC01-E4A7-478F-A1F0-74508DE01D5F}.Release|Any CPU.ActiveCfg = Release|Any CPU
		{C23AFC01-E4A7-478F-A1F0-74508DE01D5F}.Release|Any CPU.Build.0 = Release|Any CPU
		{197A9C33-2463-455B-A26C-55F6064A24A6}.Debug|Any CPU.ActiveCfg = Debug|Any CPU
		{197A9C33-2463-455B-A26C-55F6064A24A6}.Debug|Any CPU.Build.0 = Debug|Any CPU
		{197A9C33-2463-455B-A26C-55F6064A24A6}.Release|Any CPU.ActiveCfg = Release|Any CPU
		{197A9C33-2463-455B-A26C-55F6064A24A6}.Release|Any CPU.Build.0 = Release|Any CPU
	EndGlobalSection
	GlobalSection(SolutionProperties) = preSolution
		HideSolutionNode = FALSE
	EndGlobalSection
	GlobalSection(NestedProjects) = preSolution
		{15C44FE7-C0EB-4B42-BA6E-6DF2DD66BE8B} = {85360C3A-6114-43AB-85C5-6ED8782888F0}
		{C23AFC01-E4A7-478F-A1F0-74508DE01D5F} = {6F900AA2-617E-45BC-9D60-2C7A5B59F053}
		{197A9C33-2463-455B-A26C-55F6064A24A6} = {917DB9E6-FD03-435F-BFB5-8BCEE242DD83}
	EndGlobalSection
	GlobalSection(ExtensibilityGlobals) = postSolution
		SolutionGuid = {2AF9D9A7-1EB8-44C8-A36D-AF2BBBDA7DD2}
	EndGlobalSection
EndGlobal
